
Microsoft Visual Studio Solution File, Format Version 12.00
# Visual Studio 15
VisualStudioVersion = 15.0.28307.329
MinimumVisualStudioVersion = 10.0.40219.1
Project("{FAE04EC0-301F-11D3-BF4B-00C04F79EFBC}") = "ConsoleVer", "ConsoleVer\ConsoleVer.csproj", "{47BD7487-447C-422F-ABB9-B8EF5291E02B}"
EndProject
Global
	GlobalSection(SolutionConfigurationPlatforms) = preSolution
		Debug|Any CPU = Debug|Any CPU
		Release|Any CPU = Release|Any CPU
	EndGlobalSection
	GlobalSection(ProjectConfigurationPlatforms) = postSolution
		{47BD7487-447C-422F-ABB9-B8EF5291E02B}.Debug|Any CPU.ActiveCfg = Debug|Any CPU
		{47BD7487-447C-422F-ABB9-B8EF5291E02B}.Debug|Any CPU.Build.0 = Debug|Any CPU
		{47BD7487-447C-422F-ABB9-B8EF5291E02B}.Release|Any CPU.ActiveCfg = Release|Any CPU
		{47BD7487-447C-422F-ABB9-B8EF5291E02B}.Release|Any CPU.Build.0 = Release|Any CPU
	EndGlobalSection
	GlobalSection(SolutionProperties) = preSolution
		HideSolutionNode = FALSE
	EndGlobalSection
	GlobalSection(ExtensibilityGlobals) = postSolution
		SolutionGuid = {83B1A7B0-0BCA-4F5E-9727-B1FC1D364F6C}
	EndGlobalSection
EndGlobal
